// !$*UTF8*$!
{
	archiveVersion = 1;
	classes = {
	};
	objectVersion = 56;
	objects = {

/* Begin PBXBuildFile section */
		D3F845FB2AF09593005090ED /* HoneymoonApp.swift in Sources */ = {isa = PBXBuildFile; fileRef = D3F845FA2AF09593005090ED /* HoneymoonApp.swift */; };
		D3F845FD2AF09593005090ED /* ContentView.swift in Sources */ = {isa = PBXBuildFile; fileRef = D3F845FC2AF09593005090ED /* ContentView.swift */; };
		D3F845FF2AF09595005090ED /* Assets.xcassets in Resources */ = {isa = PBXBuildFile; fileRef = D3F845FE2AF09595005090ED /* Assets.xcassets */; };
		D3F846022AF09595005090ED /* Preview Assets.xcassets in Resources */ = {isa = PBXBuildFile; fileRef = D3F846012AF09595005090ED /* Preview Assets.xcassets */; };
		D3F8460B2AF096F5005090ED /* sound-rise.mp3 in Resources */ = {isa = PBXBuildFile; fileRef = D3F846092AF096F5005090ED /* sound-rise.mp3 */; };
		D3F8460C2AF096F5005090ED /* sound-click.mp3 in Resources */ = {isa = PBXBuildFile; fileRef = D3F8460A2AF096F5005090ED /* sound-click.mp3 */; };
		D3F8460E2AF09785005090ED /* LaunchScreen.storyboard in Resources */ = {isa = PBXBuildFile; fileRef = D3F8460D2AF09785005090ED /* LaunchScreen.storyboard */; };
		D3F846102AF09B81005090ED /* HoneymoonModel.swift in Sources */ = {isa = PBXBuildFile; fileRef = D3F8460F2AF09B81005090ED /* HoneymoonModel.swift */; };
		D3F846132AF09BC4005090ED /* HoneymoonData.swift in Sources */ = {isa = PBXBuildFile; fileRef = D3F846122AF09BC4005090ED /* HoneymoonData.swift */; };
		D3F846172AF09C2B005090ED /* CardView.swift in Sources */ = {isa = PBXBuildFile; fileRef = D3F846162AF09C2B005090ED /* CardView.swift */; };
		D3F846192AF0ABEE005090ED /* HeaderView.swift in Sources */ = {isa = PBXBuildFile; fileRef = D3F846182AF0ABEE005090ED /* HeaderView.swift */; };
		D3F8461B2AF0AED4005090ED /* FooterView.swift in Sources */ = {isa = PBXBuildFile; fileRef = D3F8461A2AF0AED4005090ED /* FooterView.swift */; };
		D3F8461E2AF0B010005090ED /* HeaderComponent.swift in Sources */ = {isa = PBXBuildFile; fileRef = D3F8461D2AF0B010005090ED /* HeaderComponent.swift */; };
		D3F846202AF0B08A005090ED /* GuideComponent.swift in Sources */ = {isa = PBXBuildFile; fileRef = D3F8461F2AF0B08A005090ED /* GuideComponent.swift */; };
		D3F846222AF0B1D9005090ED /* GuideView.swift in Sources */ = {isa = PBXBuildFile; fileRef = D3F846212AF0B1D9005090ED /* GuideView.swift */; };
		D3F846242AF1DEBC005090ED /* InfoView.swift in Sources */ = {isa = PBXBuildFile; fileRef = D3F846232AF1DEBC005090ED /* InfoView.swift */; };
		D3F846262AF1DF5B005090ED /* TitleModifier.swift in Sources */ = {isa = PBXBuildFile; fileRef = D3F846252AF1DF5B005090ED /* TitleModifier.swift */; };
		D3F846292AF1E0B1005090ED /* ButtonModifier.swift in Sources */ = {isa = PBXBuildFile; fileRef = D3F846282AF1E0B1005090ED /* ButtonModifier.swift */; };
		D3F8462B2AF284D1005090ED /* SymbolModifier.swift in Sources */ = {isa = PBXBuildFile; fileRef = D3F8462A2AF284D1005090ED /* SymbolModifier.swift */; };
		D3F8462E2AF28741005090ED /* CardTransition.swift in Sources */ = {isa = PBXBuildFile; fileRef = D3F8462D2AF28741005090ED /* CardTransition.swift */; };
/* End PBXBuildFile section */

/* Begin PBXFileReference section */
		D3F845F72AF09593005090ED /* Honeymoon.app */ = {isa = PBXFileReference; explicitFileType = wrapper.application; includeInIndex = 0; path = Honeymoon.app; sourceTree = BUILT_PRODUCTS_DIR; };
		D3F845FA2AF09593005090ED /* HoneymoonApp.swift */ = {isa = PBXFileReference; lastKnownFileType = sourcecode.swift; path = HoneymoonApp.swift; sourceTree = "<group>"; };
		D3F845FC2AF09593005090ED /* ContentView.swift */ = {isa = PBXFileReference; lastKnownFileType = sourcecode.swift; path = ContentView.swift; sourceTree = "<group>"; };
		D3F845FE2AF09595005090ED /* Assets.xcassets */ = {isa = PBXFileReference; lastKnownFileType = folder.assetcatalog; path = Assets.xcassets; sourceTree = "<group>"; };
		D3F846012AF09595005090ED /* Preview Assets.xcassets */ = {isa = PBXFileReference; lastKnownFileType = folder.assetcatalog; path = "Preview Assets.xcassets"; sourceTree = "<group>"; };
		D3F846092AF096F5005090ED /* sound-rise.mp3 */ = {isa = PBXFileReference; lastKnownFileType = audio.mp3; path = "sound-rise.mp3"; sourceTree = "<group>"; };
		D3F8460A2AF096F5005090ED /* sound-click.mp3 */ = {isa = PBXFileReference; lastKnownFileType = audio.mp3; path = "sound-click.mp3"; sourceTree = "<group>"; };
		D3F8460D2AF09785005090ED /* LaunchScreen.storyboard */ = {isa = PBXFileReference; lastKnownFileType = file.storyboard; path = LaunchScreen.storyboard; sourceTree = "<group>"; };
		D3F8460F2AF09B81005090ED /* HoneymoonModel.swift */ = {isa = PBXFileReference; lastKnownFileType = sourcecode.swift; path = HoneymoonModel.swift; sourceTree = "<group>"; };
		D3F846122AF09BC4005090ED /* HoneymoonData.swift */ = {isa = PBXFileReference; lastKnownFileType = sourcecode.swift; path = HoneymoonData.swift; sourceTree = "<group>"; };
		D3F846162AF09C2B005090ED /* CardView.swift */ = {isa = PBXFileReference; lastKnownFileType = sourcecode.swift; path = CardView.swift; sourceTree = "<group>"; };
		D3F846182AF0ABEE005090ED /* HeaderView.swift */ = {isa = PBXFileReference; lastKnownFileType = sourcecode.swift; path = HeaderView.swift; sourceTree = "<group>"; };
		D3F8461A2AF0AED4005090ED /* FooterView.swift */ = {isa = PBXFileReference; lastKnownFileType = sourcecode.swift; path = FooterView.swift; sourceTree = "<group>"; };
		D3F8461D2AF0B010005090ED /* HeaderComponent.swift */ = {isa = PBXFileReference; lastKnownFileType = sourcecode.swift; path = HeaderComponent.swift; sourceTree = "<group>"; };
		D3F8461F2AF0B08A005090ED /* GuideComponent.swift */ = {isa = PBXFileReference; lastKnownFileType = sourcecode.swift; path = GuideComponent.swift; sourceTree = "<group>"; };
		D3F846212AF0B1D9005090ED /* GuideView.swift */ = {isa = PBXFileReference; lastKnownFileType = sourcecode.swift; path = GuideView.swift; sourceTree = "<group>"; };
		D3F846232AF1DEBC005090ED /* InfoView.swift */ = {isa = PBXFileReference; lastKnownFileType = sourcecode.swift; path = InfoView.swift; sourceTree = "<group>"; };
		D3F846252AF1DF5B005090ED /* TitleModifier.swift */ = {isa = PBXFileReference; lastKnownFileType = sourcecode.swift; path = TitleModifier.swift; sourceTree = "<group>"; };
		D3F846282AF1E0B1005090ED /* ButtonModifier.swift */ = {isa = PBXFileReference; lastKnownFileType = sourcecode.swift; path = ButtonModifier.swift; sourceTree = "<group>"; };
		D3F8462A2AF284D1005090ED /* SymbolModifier.swift */ = {isa = PBXFileReference; lastKnownFileType = sourcecode.swift; path = SymbolModifier.swift; sourceTree = "<group>"; };
		D3F8462D2AF28741005090ED /* CardTransition.swift */ = {isa = PBXFileReference; lastKnownFileType = sourcecode.swift; path = CardTransition.swift; sourceTree = "<group>"; };
/* End PBXFileReference section */

/* Begin PBXFrameworksBuildPhase section */
		D3F845F42AF09593005090ED /* Frameworks */ = {
			isa = PBXFrameworksBuildPhase;
			buildActionMask = 2147483647;
			files = (
			);
			runOnlyForDeploymentPostprocessing = 0;
		};
/* End PBXFrameworksBuildPhase section */

/* Begin PBXGroup section */
		D3F845EE2AF09593005090ED = {
			isa = PBXGroup;
			children = (
				D3F845F92AF09593005090ED /* Honeymoon */,
				D3F845F82AF09593005090ED /* Products */,
			);
			sourceTree = "<group>";
		};
		D3F845F82AF09593005090ED /* Products */ = {
			isa = PBXGroup;
			children = (
				D3F845F72AF09593005090ED /* Honeymoon.app */,
			);
			name = Products;
			sourceTree = "<group>";
		};
		D3F845F92AF09593005090ED /* Honeymoon */ = {
			isa = PBXGroup;
			children = (
				D3F8462C2AF2872E005090ED /* Extension */,
				D3F8461C2AF0AFFB005090ED /* Component */,
				D3F846142AF09BC8005090ED /* Data */,
				D3F846112AF09B86005090ED /* Model */,
				D3F846082AF096F5005090ED /* Sounds */,
				D3F845FA2AF09593005090ED /* HoneymoonApp.swift */,
				D3F846152AF09C19005090ED /* View */,
				D3F845FE2AF09595005090ED /* Assets.xcassets */,
				D3F846002AF09595005090ED /* Preview Content */,
				D3F8460D2AF09785005090ED /* LaunchScreen.storyboard */,
				D3F846272AF1DF9D005090ED /* Modifier */,
			);
			path = Honeymoon;
			sourceTree = "<group>";
		};
		D3F846002AF09595005090ED /* Preview Content */ = {
			isa = PBXGroup;
			children = (
				D3F846012AF09595005090ED /* Preview Assets.xcassets */,
			);
			path = "Preview Content";
			sourceTree = "<group>";
		};
		D3F846082AF096F5005090ED /* Sounds */ = {
			isa = PBXGroup;
			children = (
				D3F846092AF096F5005090ED /* sound-rise.mp3 */,
				D3F8460A2AF096F5005090ED /* sound-click.mp3 */,
			);
			path = Sounds;
			sourceTree = "<group>";
		};
		D3F846112AF09B86005090ED /* Model */ = {
			isa = PBXGroup;
			children = (
				D3F8460F2AF09B81005090ED /* HoneymoonModel.swift */,
			);
			path = Model;
			sourceTree = "<group>";
		};
		D3F846142AF09BC8005090ED /* Data */ = {
			isa = PBXGroup;
			children = (
				D3F846122AF09BC4005090ED /* HoneymoonData.swift */,
			);
			path = Data;
			sourceTree = "<group>";
		};
		D3F846152AF09C19005090ED /* View */ = {
			isa = PBXGroup;
			children = (
				D3F845FC2AF09593005090ED /* ContentView.swift */,
				D3F846162AF09C2B005090ED /* CardView.swift */,
				D3F846182AF0ABEE005090ED /* HeaderView.swift */,
				D3F8461A2AF0AED4005090ED /* FooterView.swift */,
				D3F846212AF0B1D9005090ED /* GuideView.swift */,
				D3F846232AF1DEBC005090ED /* InfoView.swift */,
			);
			path = View;
			sourceTree = "<group>";
		};
		D3F8461C2AF0AFFB005090ED /* Component */ = {
			isa = PBXGroup;
			children = (
				D3F8461D2AF0B010005090ED /* HeaderComponent.swift */,
				D3F8461F2AF0B08A005090ED /* GuideComponent.swift */,
			);
			path = Component;
			sourceTree = "<group>";
		};
		D3F846272AF1DF9D005090ED /* Modifier */ = {
			isa = PBXGroup;
			children = (
				D3F846252AF1DF5B005090ED /* TitleModifier.swift */,
				D3F846282AF1E0B1005090ED /* ButtonModifier.swift */,
				D3F8462A2AF284D1005090ED /* SymbolModifier.swift */,
			);
			path = Modifier;
			sourceTree = "<group>";
		};
		D3F8462C2AF2872E005090ED /* Extension */ = {
			isa = PBXGroup;
			children = (
				D3F8462D2AF28741005090ED /* CardTransition.swift */,
			);
			path = Extension;
			sourceTree = "<group>";
		};
/* End PBXGroup section */

/* Begin PBXNativeTarget section */
		D3F845F62AF09593005090ED /* Honeymoon */ = {
			isa = PBXNativeTarget;
			buildConfigurationList = D3F846052AF09595005090ED /* Build configuration list for PBXNativeTarget "Honeymoon" */;
			buildPhases = (
				D3F845F32AF09593005090ED /* Sources */,
				D3F845F42AF09593005090ED /* Frameworks */,
				D3F845F52AF09593005090ED /* Resources */,
			);
			buildRules = (
			);
			dependencies = (
			);
			name = Honeymoon;
			productName = Honeymoon;
			productReference = D3F845F72AF09593005090ED /* Honeymoon.app */;
			productType = "com.apple.product-type.application";
		};
/* End PBXNativeTarget section */

/* Begin PBXProject section */
		D3F845EF2AF09593005090ED /* Project object */ = {
			isa = PBXProject;
			attributes = {
				BuildIndependentTargetsInParallel = 1;
				LastSwiftUpdateCheck = 1500;
				LastUpgradeCheck = 1500;
				TargetAttributes = {
					D3F845F62AF09593005090ED = {
						CreatedOnToolsVersion = 15.0.1;
					};
				};
			};
			buildConfigurationList = D3F845F22AF09593005090ED /* Build configuration list for PBXProject "Honeymoon" */;
			compatibilityVersion = "Xcode 14.0";
			developmentRegion = en;
			hasScannedForEncodings = 0;
			knownRegions = (
				en,
				Base,
			);
			mainGroup = D3F845EE2AF09593005090ED;
			productRefGroup = D3F845F82AF09593005090ED /* Products */;
			projectDirPath = "";
			projectRoot = "";
			targets = (
				D3F845F62AF09593005090ED /* Honeymoon */,
			);
		};
/* End PBXProject section */

/* Begin PBXResourcesBuildPhase section */
		D3F845F52AF09593005090ED /* Resources */ = {
			isa = PBXResourcesBuildPhase;
			buildActionMask = 2147483647;
			files = (
				D3F8460B2AF096F5005090ED /* sound-rise.mp3 in Resources */,
				D3F8460C2AF096F5005090ED /* sound-click.mp3 in Resources */,
				D3F846022AF09595005090ED /* Preview Assets.xcassets in Resources */,
				D3F8460E2AF09785005090ED /* LaunchScreen.storyboard in Resources */,
				D3F845FF2AF09595005090ED /* Assets.xcassets in Resources */,
			);
			runOnlyForDeploymentPostprocessing = 0;
		};
/* End PBXResourcesBuildPhase section */

/* Begin PBXSourcesBuildPhase section */
		D3F845F32AF09593005090ED /* Sources */ = {
			isa = PBXSourcesBuildPhase;
			buildActionMask = 2147483647;
			files = (
				D3F846132AF09BC4005090ED /* HoneymoonData.swift in Sources */,
				D3F846242AF1DEBC005090ED /* InfoView.swift in Sources */,
				D3F8461B2AF0AED4005090ED /* FooterView.swift in Sources */,
				D3F846262AF1DF5B005090ED /* TitleModifier.swift in Sources */,
				D3F8462E2AF28741005090ED /* CardTransition.swift in Sources */,
				D3F8462B2AF284D1005090ED /* SymbolModifier.swift in Sources */,
				D3F846192AF0ABEE005090ED /* HeaderView.swift in Sources */,
				D3F846102AF09B81005090ED /* HoneymoonModel.swift in Sources */,
				D3F846292AF1E0B1005090ED /* ButtonModifier.swift in Sources */,
				D3F8461E2AF0B010005090ED /* HeaderComponent.swift in Sources */,
				D3F845FD2AF09593005090ED /* ContentView.swift in Sources */,
				D3F845FB2AF09593005090ED /* HoneymoonApp.swift in Sources */,
				D3F846172AF09C2B005090ED /* CardView.swift in Sources */,
				D3F846202AF0B08A005090ED /* GuideComponent.swift in Sources */,
				D3F846222AF0B1D9005090ED /* GuideView.swift in Sources */,
			);
			runOnlyForDeploymentPostprocessing = 0;
		};
/* End PBXSourcesBuildPhase section */

/* Begin XCBuildConfiguration section */
		D3F846032AF09595005090ED /* Debug */ = {
			isa = XCBuildConfiguration;
			buildSettings = {
				ALWAYS_SEARCH_USER_PATHS = NO;
				ASSETCATALOG_COMPILER_GENERATE_SWIFT_ASSET_SYMBOL_EXTENSIONS = YES;
				CLANG_ANALYZER_NONNULL = YES;
				CLANG_ANALYZER_NUMBER_OBJECT_CONVERSION = YES_AGGRESSIVE;
				CLANG_CXX_LANGUAGE_STANDARD = "gnu++20";
				CLANG_ENABLE_MODULES = YES;
				CLANG_ENABLE_OBJC_ARC = YES;
				CLANG_ENABLE_OBJC_WEAK = YES;
				CLANG_WARN_BLOCK_CAPTURE_AUTORELEASING = YES;
				CLANG_WARN_BOOL_CONVERSION = YES;
				CLANG_WARN_COMMA = YES;
				CLANG_WARN_CONSTANT_CONVERSION = YES;
				CLANG_WARN_DEPRECATED_OBJC_IMPLEMENTATIONS = YES;
				CLANG_WARN_DIRECT_OBJC_ISA_USAGE = YES_ERROR;
				CLANG_WARN_DOCUMENTATION_COMMENTS = YES;
				CLANG_WARN_EMPTY_BODY = YES;
				CLANG_WARN_ENUM_CONVERSION = YES;
				CLANG_WARN_INFINITE_RECURSION = YES;
				CLANG_WARN_INT_CONVERSION = YES;
				CLANG_WARN_NON_LITERAL_NULL_CONVERSION = YES;
				CLANG_WARN_OBJC_IMPLICIT_RETAIN_SELF = YES;
				CLANG_WARN_OBJC_LITERAL_CONVERSION = YES;
				CLANG_WARN_OBJC_ROOT_CLASS = YES_ERROR;
				CLANG_WARN_QUOTED_INCLUDE_IN_FRAMEWORK_HEADER = YES;
				CLANG_WARN_RANGE_LOOP_ANALYSIS = YES;
				CLANG_WARN_STRICT_PROTOTYPES = YES;
				CLANG_WARN_SUSPICIOUS_MOVE = YES;
				CLANG_WARN_UNGUARDED_AVAILABILITY = YES_AGGRESSIVE;
				CLANG_WARN_UNREACHABLE_CODE = YES;
				CLANG_WARN__DUPLICATE_METHOD_MATCH = YES;
				COPY_PHASE_STRIP = NO;
				DEBUG_INFORMATION_FORMAT = dwarf;
				ENABLE_STRICT_OBJC_MSGSEND = YES;
				ENABLE_TESTABILITY = YES;
				ENABLE_USER_SCRIPT_SANDBOXING = YES;
				GCC_C_LANGUAGE_STANDARD = gnu17;
				GCC_DYNAMIC_NO_PIC = NO;
				GCC_NO_COMMON_BLOCKS = YES;
				GCC_OPTIMIZATION_LEVEL = 0;
				GCC_PREPROCESSOR_DEFINITIONS = (
					"DEBUG=1",
					"$(inherited)",
				);
				GCC_WARN_64_TO_32_BIT_CONVERSION = YES;
				GCC_WARN_ABOUT_RETURN_TYPE = YES_ERROR;
				GCC_WARN_UNDECLARED_SELECTOR = YES;
				GCC_WARN_UNINITIALIZED_AUTOS = YES_AGGRESSIVE;
				GCC_WARN_UNUSED_FUNCTION = YES;
				GCC_WARN_UNUSED_VARIABLE = YES;
				IPHONEOS_DEPLOYMENT_TARGET = 17.0;
				LOCALIZATION_PREFERS_STRING_CATALOGS = YES;
				MTL_ENABLE_DEBUG_INFO = INCLUDE_SOURCE;
				MTL_FAST_MATH = YES;
				ONLY_ACTIVE_ARCH = YES;
				SDKROOT = iphoneos;
				SWIFT_ACTIVE_COMPILATION_CONDITIONS = "DEBUG $(inherited)";
				SWIFT_OPTIMIZATION_LEVEL = "-Onone";
			};
			name = Debug;
		};
		D3F846042AF09595005090ED /* Release */ = {
			isa = XCBuildConfiguration;
			buildSettings = {
				ALWAYS_SEARCH_USER_PATHS = NO;
				ASSETCATALOG_COMPILER_GENERATE_SWIFT_ASSET_SYMBOL_EXTENSIONS = YES;
				CLANG_ANALYZER_NONNULL = YES;
				CLANG_ANALYZER_NUMBER_OBJECT_CONVERSION = YES_AGGRESSIVE;
				CLANG_CXX_LANGUAGE_STANDARD = "gnu++20";
				CLANG_ENABLE_MODULES = YES;
				CLANG_ENABLE_OBJC_ARC = YES;
				CLANG_ENABLE_OBJC_WEAK = YES;
				CLANG_WARN_BLOCK_CAPTURE_AUTORELEASING = YES;
				CLANG_WARN_BOOL_CONVERSION = YES;
				CLANG_WARN_COMMA = YES;
				CLANG_WARN_CONSTANT_CONVERSION = YES;
				CLANG_WARN_DEPRECATED_OBJC_IMPLEMENTATIONS = YES;
				CLANG_WARN_DIRECT_OBJC_ISA_USAGE = YES_ERROR;
				CLANG_WARN_DOCUMENTATION_COMMENTS = YES;
				CLANG_WARN_EMPTY_BODY = YES;
				CLANG_WARN_ENUM_CONVERSION = YES;
				CLANG_WARN_INFINITE_RECURSION = YES;
				CLANG_WARN_INT_CONVERSION = YES;
				CLANG_WARN_NON_LITERAL_NULL_CONVERSION = YES;
				CLANG_WARN_OBJC_IMPLICIT_RETAIN_SELF = YES;
				CLANG_WARN_OBJC_LITERAL_CONVERSION = YES;
				CLANG_WARN_OBJC_ROOT_CLASS = YES_ERROR;
				CLANG_WARN_QUOTED_INCLUDE_IN_FRAMEWORK_HEADER = YES;
				CLANG_WARN_RANGE_LOOP_ANALYSIS = YES;
				CLANG_WARN_STRICT_PROTOTYPES = YES;
				CLANG_WARN_SUSPICIOUS_MOVE = YES;
				CLANG_WARN_UNGUARDED_AVAILABILITY = YES_AGGRESSIVE;
				CLANG_WARN_UNREACHABLE_CODE = YES;
				CLANG_WARN__DUPLICATE_METHOD_MATCH = YES;
				COPY_PHASE_STRIP = NO;
				DEBUG_INFORMATION_FORMAT = "dwarf-with-dsym";
				ENABLE_NS_ASSERTIONS = NO;
				ENABLE_STRICT_OBJC_MSGSEND = YES;
				ENABLE_USER_SCRIPT_SANDBOXING = YES;
				GCC_C_LANGUAGE_STANDARD = gnu17;
				GCC_NO_COMMON_BLOCKS = YES;
				GCC_WARN_64_TO_32_BIT_CONVERSION = YES;
				GCC_WARN_ABOUT_RETURN_TYPE = YES_ERROR;
				GCC_WARN_UNDECLARED_SELECTOR = YES;
				GCC_WARN_UNINITIALIZED_AUTOS = YES_AGGRESSIVE;
				GCC_WARN_UNUSED_FUNCTION = YES;
				GCC_WARN_UNUSED_VARIABLE = YES;
				IPHONEOS_DEPLOYMENT_TARGET = 17.0;
				LOCALIZATION_PREFERS_STRING_CATALOGS = YES;
				MTL_ENABLE_DEBUG_INFO = NO;
				MTL_FAST_MATH = YES;
				SDKROOT = iphoneos;
				SWIFT_COMPILATION_MODE = wholemodule;
				VALIDATE_PRODUCT = YES;
			};
			name = Release;
		};
		D3F846062AF09595005090ED /* Debug */ = {
			isa = XCBuildConfiguration;
			buildSettings = {
				ASSETCATALOG_COMPILER_APPICON_NAME = AppIcon;
				ASSETCATALOG_COMPILER_GLOBAL_ACCENT_COLOR_NAME = AccentColor;
				CODE_SIGN_IDENTITY = "Apple Development";
				CODE_SIGN_STYLE = Automatic;
				CURRENT_PROJECT_VERSION = 1;
				DEVELOPMENT_ASSET_PATHS = "\"Honeymoon/Preview Content\"";
				DEVELOPMENT_TEAM = K8FKWBYV9S;
				ENABLE_PREVIEWS = YES;
				GENERATE_INFOPLIST_FILE = YES;
				INFOPLIST_KEY_UIApplicationSceneManifest_Generation = YES;
				INFOPLIST_KEY_UIApplicationSupportsIndirectInputEvents = YES;
				INFOPLIST_KEY_UILaunchScreen_Generation = YES;
				INFOPLIST_KEY_UILaunchStoryboardName = LaunchScreen.storyboard;
				INFOPLIST_KEY_UISupportedInterfaceOrientations = UIInterfaceOrientationPortrait;
				IPHONEOS_DEPLOYMENT_TARGET = 17.0;
				LD_RUNPATH_SEARCH_PATHS = (
					"$(inherited)",
					"@executable_path/Frameworks",
				);
				MARKETING_VERSION = 1.0;
				PRODUCT_BUNDLE_IDENTIFIER = frederick.Honeymoon;
				PRODUCT_NAME = "$(TARGET_NAME)";
				PROVISIONING_PROFILE_SPECIFIER = "";
				SWIFT_EMIT_LOC_STRINGS = YES;
				SWIFT_VERSION = 5.0;
				TARGETED_DEVICE_FAMILY = "1,2";
			};
			name = Debug;
		};
		D3F846072AF09595005090ED /* Release */ = {
			isa = XCBuildConfiguration;
			buildSettings = {
				ASSETCATALOG_COMPILER_APPICON_NAME = AppIcon;
				ASSETCATALOG_COMPILER_GLOBAL_ACCENT_COLOR_NAME = AccentColor;
				CODE_SIGN_IDENTITY = "Apple Development";
				CODE_SIGN_STYLE = Automatic;
				CURRENT_PROJECT_VERSION = 1;
				DEVELOPMENT_ASSET_PATHS = "\"Honeymoon/Preview Content\"";
				DEVELOPMENT_TEAM = K8FKWBYV9S;
				ENABLE_PREVIEWS = YES;
				GENERATE_INFOPLIST_FILE = YES;
				INFOPLIST_KEY_UIApplicationSceneManifest_Generation = YES;
				INFOPLIST_KEY_UIApplicationSupportsIndirectInputEvents = YES;
				INFOPLIST_KEY_UILaunchScreen_Generation = YES;
				INFOPLIST_KEY_UILaunchStoryboardName = LaunchScreen.storyboard;
				INFOPLIST_KEY_UISupportedInterfaceOrientations = UIInterfaceOrientationPortrait;
				IPHONEOS_DEPLOYMENT_TARGET = 17.0;
				LD_RUNPATH_SEARCH_PATHS = (
					"$(inherited)",
					"@executable_path/Frameworks",
				);
				MARKETING_VERSION = 1.0;
				PRODUCT_BUNDLE_IDENTIFIER = frederick.Honeymoon;
				PRODUCT_NAME = "$(TARGET_NAME)";
				PROVISIONING_PROFILE_SPECIFIER = "";
				SWIFT_EMIT_LOC_STRINGS = YES;
				SWIFT_VERSION = 5.0;
				TARGETED_DEVICE_FAMILY = "1,2";
			};
			name = Release;
		};
/* End XCBuildConfiguration section */

/* Begin XCConfigurationList section */
		D3F845F22AF09593005090ED /* Build configuration list for PBXProject "Honeymoon" */ = {
			isa = XCConfigurationList;
			buildConfigurations = (
				D3F846032AF09595005090ED /* Debug */,
				D3F846042AF09595005090ED /* Release */,
			);
			defaultConfigurationIsVisible = 0;
			defaultConfigurationName = Release;
		};
		D3F846052AF09595005090ED /* Build configuration list for PBXNativeTarget "Honeymoon" */ = {
			isa = XCConfigurationList;
			buildConfigurations = (
				D3F846062AF09595005090ED /* Debug */,
				D3F846072AF09595005090ED /* Release */,
			);
			defaultConfigurationIsVisible = 0;
			defaultConfigurationName = Release;
		};
/* End XCConfigurationList section */
	};
	rootObject = D3F845EF2AF09593005090ED /* Project object */;
}
