// !$*UTF8*$!
{
	archiveVersion = 1;
	classes = {
	};
	objectVersion = 56;
	objects = {

/* Begin PBXBuildFile section */
		D33589CA2FED845700541A90 /* DestinationRepository.swift in Sources */ = {isa = PBXBuildFile; fileRef = D33589C92FED845700541A90 /* DestinationRepository.swift */; };
		AAFF11110000000000000002 /* AffiliateLinks.swift in Sources */ = {isa = PBXBuildFile; fileRef = AAFF11110000000000000001 /* AffiliateLinks.swift */; };
		AAFF22220000000000000002 /* DestinationDetailView.swift in Sources */ = {isa = PBXBuildFile; fileRef = AAFF22220000000000000001 /* DestinationDetailView.swift */; };
		AAFF44440000000000000002 /* TravelPreferences.swift in Sources */ = {isa = PBXBuildFile; fileRef = AAFF44440000000000000001 /* TravelPreferences.swift */; };
		AAFF55550000000000000002 /* PreferenceStore.swift in Sources */ = {isa = PBXBuildFile; fileRef = AAFF55550000000000000001 /* PreferenceStore.swift */; };
		AAFF66660000000000000002 /* PreferenceQuizView.swift in Sources */ = {isa = PBXBuildFile; fileRef = AAFF66660000000000000001 /* PreferenceQuizView.swift */; };
		AAFF77770000000000000002 /* TripPlan.swift in Sources */ = {isa = PBXBuildFile; fileRef = AAFF77770000000000000001 /* TripPlan.swift */; };
		AAFF88880000000000000002 /* TripPlanStore.swift in Sources */ = {isa = PBXBuildFile; fileRef = AAFF88880000000000000001 /* TripPlanStore.swift */; };
		AAFF99990000000000000002 /* TripPlannerView.swift in Sources */ = {isa = PBXBuildFile; fileRef = AAFF99990000000000000001 /* TripPlannerView.swift */; };
		AABB11110000000000000002 /* Couple.swift in Sources */ = {isa = PBXBuildFile; fileRef = AABB11110000000000000001 /* Couple.swift */; };
		AABB22220000000000000002 /* CoupleStore.swift in Sources */ = {isa = PBXBuildFile; fileRef = AABB22220000000000000001 /* CoupleStore.swift */; };
		AABB33330000000000000002 /* CoupleView.swift in Sources */ = {isa = PBXBuildFile; fileRef = AABB33330000000000000001 /* CoupleView.swift */; };
		AABB44440000000000000002 /* MatchCelebrationView.swift in Sources */ = {isa = PBXBuildFile; fileRef = AABB44440000000000000001 /* MatchCelebrationView.swift */; };
		AACC11110000000000000002 /* PurchaseStore.swift in Sources */ = {isa = PBXBuildFile; fileRef = AACC11110000000000000001 /* PurchaseStore.swift */; };
		AAEE11110000000000000002 /* ItineraryService.swift in Sources */ = {isa = PBXBuildFile; fileRef = AAEE11110000000000000001 /* ItineraryService.swift */; };
		AACC22220000000000000002 /* PaywallView.swift in Sources */ = {isa = PBXBuildFile; fileRef = AACC22220000000000000001 /* PaywallView.swift */; };
		AACC33330000000000000002 /* ItineraryView.swift in Sources */ = {isa = PBXBuildFile; fileRef = AACC33330000000000000001 /* ItineraryView.swift */; };
		AACC44440000000000000002 /* Itinerary.swift in Sources */ = {isa = PBXBuildFile; fileRef = AACC44440000000000000001 /* Itinerary.swift */; };
		AADD11110000000000000002 /* Currency.swift in Sources */ = {isa = PBXBuildFile; fileRef = AADD11110000000000000001 /* Currency.swift */; };
		D33589CC2FED846C00541A90 /* AuthViewModel.swift in Sources */ = {isa = PBXBuildFile; fileRef = D33589CB2FED846C00541A90 /* AuthViewModel.swift */; };
		D33589CF2FED88E000541A90 /* OnboardingPage.swift in Sources */ = {isa = PBXBuildFile; fileRef = D33589CE2FED88E000541A90 /* OnboardingPage.swift */; };
		D33589D12FED88F500541A90 /* OnboardingView.swift in Sources */ = {isa = PBXBuildFile; fileRef = D33589D02FED88F500541A90 /* OnboardingView.swift */; };
		D33589D32FED890900541A90 /* RootView.swift in Sources */ = {isa = PBXBuildFile; fileRef = D33589D22FED890900541A90 /* RootView.swift */; };
		D33589D62FED89CE00541A90 /* AuthFormField.swift in Sources */ = {isa = PBXBuildFile; fileRef = D33589D52FED89CE00541A90 /* AuthFormField.swift */; };
		D33589D82FED89CF00541A90 /* SocialSignInButton.swift in Sources */ = {isa = PBXBuildFile; fileRef = D33589D72FED89CF00541A90 /* SocialSignInButton.swift */; };
		D33589DA2FED89EE00541A90 /* LoginView.swift in Sources */ = {isa = PBXBuildFile; fileRef = D33589D92FED89EE00541A90 /* LoginView.swift */; };
		D33589DC2FED8A0A00541A90 /* SignUpView.swift in Sources */ = {isa = PBXBuildFile; fileRef = D33589DB2FED8A0A00541A90 /* SignUpView.swift */; };
		D33589DE2FED8A2500541A90 /* ForgotPasswordView.swift in Sources */ = {isa = PBXBuildFile; fileRef = D33589DD2FED8A2500541A90 /* ForgotPasswordView.swift */; };
		D33589E02FED8A3100541A90 /* AuthView.swift in Sources */ = {isa = PBXBuildFile; fileRef = D33589DF2FED8A3100541A90 /* AuthView.swift */; };
		D33589E32FED8AE100541A90 /* AppearanceMode.swift in Sources */ = {isa = PBXBuildFile; fileRef = D33589E22FED8AE100541A90 /* AppearanceMode.swift */; };
		D33589E52FED8AFD00541A90 /* LegalView.swift in Sources */ = {isa = PBXBuildFile; fileRef = D33589E42FED8AFD00541A90 /* LegalView.swift */; };
		D33589E72FED8B1400541A90 /* AcknowledgementsView.swift in Sources */ = {isa = PBXBuildFile; fileRef = D33589E62FED8B1400541A90 /* AcknowledgementsView.swift */; };
		D33589E92FED8B3400541A90 /* SettingsView.swift in Sources */ = {isa = PBXBuildFile; fileRef = D33589E82FED8B3400541A90 /* SettingsView.swift */; };
		D3F845FB2AF09593005090ED /* HoneymoonApp.swift in Sources */ = {isa = PBXBuildFile; fileRef = D3F845FA2AF09593005090ED /* HoneymoonApp.swift */; };
		D3F845FD2AF09593005090ED /* ContentView.swift in Sources */ = {isa = PBXBuildFile; fileRef = D3F845FC2AF09593005090ED /* ContentView.swift */; };
		D3F845FF2AF09595005090ED /* Assets.xcassets in Resources */ = {isa = PBXBuildFile; fileRef = D3F845FE2AF09595005090ED /* Assets.xcassets */; };
		D3F846022AF09595005090ED /* Preview Assets.xcassets in Resources */ = {isa = PBXBuildFile; fileRef = D3F846012AF09595005090ED /* Preview Assets.xcassets */; };
		D3F8460B2AF096F5005090ED /* sound-rise.mp3 in Resources */ = {isa = PBXBuildFile; fileRef = D3F846092AF096F5005090ED /* sound-rise.mp3 */; };
		D3F8460C2AF096F5005090ED /* sound-click.mp3 in Resources */ = {isa = PBXBuildFile; fileRef = D3F8460A2AF096F5005090ED /* sound-click.mp3 */; };
		D3F8460E2AF09785005090ED /* LaunchScreen.storyboard in Resources */ = {isa = PBXBuildFile; fileRef = D3F8460D2AF09785005090ED /* LaunchScreen.storyboard */; };
		D3F846102AF09B81005090ED /* HoneymoonModel.swift in Sources */ = {isa = PBXBuildFile; fileRef = D3F8460F2AF09B81005090ED /* HoneymoonModel.swift */; };
		D3F846132AF09BC4005090ED /* HoneymoonData.swift in Sources */ = {isa = PBXBuildFile; fileRef = D3F846122AF09BC4005090ED /* HoneymoonData.swift */; };
		D3F846172AF09C2B005090ED /* CardView.swift in Sources */ = {isa = PBXBuildFile; fileRef = D3F846162AF09C2B005090ED /* CardView.swift */; };
		D3F846192AF0ABEE005090ED /* HeaderView.swift in Sources */ = {isa = PBXBuildFile; fileRef = D3F846182AF0ABEE005090ED /* HeaderView.swift */; };
		D3F8461B2AF0AED4005090ED /* FooterView.swift in Sources */ = {isa = PBXBuildFile; fileRef = D3F8461A2AF0AED4005090ED /* FooterView.swift */; };
		D3F8461E2AF0B010005090ED /* HeaderComponent.swift in Sources */ = {isa = PBXBuildFile; fileRef = D3F8461D2AF0B010005090ED /* HeaderComponent.swift */; };
		D3F846202AF0B08A005090ED /* GuideComponent.swift in Sources */ = {isa = PBXBuildFile; fileRef = D3F8461F2AF0B08A005090ED /* GuideComponent.swift */; };
		D3F846222AF0B1D9005090ED /* GuideView.swift in Sources */ = {isa = PBXBuildFile; fileRef = D3F846212AF0B1D9005090ED /* GuideView.swift */; };
		D3F846242AF1DEBC005090ED /* InfoView.swift in Sources */ = {isa = PBXBuildFile; fileRef = D3F846232AF1DEBC005090ED /* InfoView.swift */; };
		D3F846262AF1DF5B005090ED /* TitleModifier.swift in Sources */ = {isa = PBXBuildFile; fileRef = D3F846252AF1DF5B005090ED /* TitleModifier.swift */; };
		D3F846292AF1E0B1005090ED /* ButtonModifier.swift in Sources */ = {isa = PBXBuildFile; fileRef = D3F846282AF1E0B1005090ED /* ButtonModifier.swift */; };
		D3F8462B2AF284D1005090ED /* SymbolModifier.swift in Sources */ = {isa = PBXBuildFile; fileRef = D3F8462A2AF284D1005090ED /* SymbolModifier.swift */; };
		D3F8462E2AF28741005090ED /* CardTransition.swift in Sources */ = {isa = PBXBuildFile; fileRef = D3F8462D2AF28741005090ED /* CardTransition.swift */; };
		D33589F22FED900000541A90 /* SoundPlayer.swift in Sources */ = {isa = PBXBuildFile; fileRef = D33589F12FED900000541A90 /* SoundPlayer.swift */; };
		D33589FB2FED900000541A90 /* GoogleService-Info.plist in Resources */ = {isa = PBXBuildFile; fileRef = D33589FA2FED900000541A90 /* GoogleService-Info.plist */; };
		D3358A052FED900000541A90 /* FirebaseAuth in Frameworks */ = {isa = PBXBuildFile; productRef = D3358A022FED900000541A90 /* FirebaseAuth */; };
		D3358A062FED900000541A90 /* FirebaseFirestore in Frameworks */ = {isa = PBXBuildFile; productRef = D3358A032FED900000541A90 /* FirebaseFirestore */; };
		D3358A072FED900000541A90 /* GoogleSignIn in Frameworks */ = {isa = PBXBuildFile; productRef = D3358A042FED900000541A90 /* GoogleSignIn */; };
		AAEE99990000000000000002 /* FirebaseFunctions in Frameworks */ = {isa = PBXBuildFile; productRef = AAEE99990000000000000001 /* FirebaseFunctions */; };
		D3358A0A2FED900000541A90 /* UserDataStore.swift in Sources */ = {isa = PBXBuildFile; fileRef = D3358A0B2FED900000541A90 /* UserDataStore.swift */; };
		D3358A0D2FED900000541A90 /* SavedView.swift in Sources */ = {isa = PBXBuildFile; fileRef = D3358A0E2FED900000541A90 /* SavedView.swift */; };
/* End PBXBuildFile section */

/* Begin PBXFileReference section */
		D33589C92FED845700541A90 /* DestinationRepository.swift */ = {isa = PBXFileReference; lastKnownFileType = sourcecode.swift; path = DestinationRepository.swift; sourceTree = "<group>"; };
		AAFF11110000000000000001 /* AffiliateLinks.swift */ = {isa = PBXFileReference; lastKnownFileType = sourcecode.swift; path = AffiliateLinks.swift; sourceTree = "<group>"; };
		AAFF22220000000000000001 /* DestinationDetailView.swift */ = {isa = PBXFileReference; lastKnownFileType = sourcecode.swift; path = DestinationDetailView.swift; sourceTree = "<group>"; };
		AAFF44440000000000000001 /* TravelPreferences.swift */ = {isa = PBXFileReference; lastKnownFileType = sourcecode.swift; path = TravelPreferences.swift; sourceTree = "<group>"; };
		AAFF55550000000000000001 /* PreferenceStore.swift */ = {isa = PBXFileReference; lastKnownFileType = sourcecode.swift; path = PreferenceStore.swift; sourceTree = "<group>"; };
		AAFF66660000000000000001 /* PreferenceQuizView.swift */ = {isa = PBXFileReference; lastKnownFileType = sourcecode.swift; path = PreferenceQuizView.swift; sourceTree = "<group>"; };
		AAFF77770000000000000001 /* TripPlan.swift */ = {isa = PBXFileReference; lastKnownFileType = sourcecode.swift; path = TripPlan.swift; sourceTree = "<group>"; };
		AAFF88880000000000000001 /* TripPlanStore.swift */ = {isa = PBXFileReference; lastKnownFileType = sourcecode.swift; path = TripPlanStore.swift; sourceTree = "<group>"; };
		AAFF99990000000000000001 /* TripPlannerView.swift */ = {isa = PBXFileReference; lastKnownFileType = sourcecode.swift; path = TripPlannerView.swift; sourceTree = "<group>"; };
		AABB11110000000000000001 /* Couple.swift */ = {isa = PBXFileReference; lastKnownFileType = sourcecode.swift; path = Couple.swift; sourceTree = "<group>"; };
		AABB22220000000000000001 /* CoupleStore.swift */ = {isa = PBXFileReference; lastKnownFileType = sourcecode.swift; path = CoupleStore.swift; sourceTree = "<group>"; };
		AABB33330000000000000001 /* CoupleView.swift */ = {isa = PBXFileReference; lastKnownFileType = sourcecode.swift; path = CoupleView.swift; sourceTree = "<group>"; };
		AABB44440000000000000001 /* MatchCelebrationView.swift */ = {isa = PBXFileReference; lastKnownFileType = sourcecode.swift; path = MatchCelebrationView.swift; sourceTree = "<group>"; };
		AACC11110000000000000001 /* PurchaseStore.swift */ = {isa = PBXFileReference; lastKnownFileType = sourcecode.swift; path = PurchaseStore.swift; sourceTree = "<group>"; };
		AAEE11110000000000000001 /* ItineraryService.swift */ = {isa = PBXFileReference; lastKnownFileType = sourcecode.swift; path = ItineraryService.swift; sourceTree = "<group>"; };
		AACC22220000000000000001 /* PaywallView.swift */ = {isa = PBXFileReference; lastKnownFileType = sourcecode.swift; path = PaywallView.swift; sourceTree = "<group>"; };
		AACC33330000000000000001 /* ItineraryView.swift */ = {isa = PBXFileReference; lastKnownFileType = sourcecode.swift; path = ItineraryView.swift; sourceTree = "<group>"; };
		AACC44440000000000000001 /* Itinerary.swift */ = {isa = PBXFileReference; lastKnownFileType = sourcecode.swift; path = Itinerary.swift; sourceTree = "<group>"; };
		AADD11110000000000000001 /* Currency.swift */ = {isa = PBXFileReference; lastKnownFileType = sourcecode.swift; path = Currency.swift; sourceTree = "<group>"; };
		AACC66660000000000000001 /* Honeymoon.storekit */ = {isa = PBXFileReference; lastKnownFileType = text; path = Honeymoon.storekit; sourceTree = "<group>"; };
		D33589CB2FED846C00541A90 /* AuthViewModel.swift */ = {isa = PBXFileReference; lastKnownFileType = sourcecode.swift; path = AuthViewModel.swift; sourceTree = "<group>"; };
		D33589CE2FED88E000541A90 /* OnboardingPage.swift */ = {isa = PBXFileReference; lastKnownFileType = sourcecode.swift; path = OnboardingPage.swift; sourceTree = "<group>"; };
		D33589D02FED88F500541A90 /* OnboardingView.swift */ = {isa = PBXFileReference; lastKnownFileType = sourcecode.swift; path = OnboardingView.swift; sourceTree = "<group>"; };
		D33589D22FED890900541A90 /* RootView.swift */ = {isa = PBXFileReference; lastKnownFileType = sourcecode.swift; path = RootView.swift; sourceTree = "<group>"; };
		D33589D52FED89CE00541A90 /* AuthFormField.swift */ = {isa = PBXFileReference; lastKnownFileType = sourcecode.swift; path = AuthFormField.swift; sourceTree = "<group>"; };
		D33589D72FED89CF00541A90 /* SocialSignInButton.swift */ = {isa = PBXFileReference; lastKnownFileType = sourcecode.swift; path = SocialSignInButton.swift; sourceTree = "<group>"; };
		D33589D92FED89EE00541A90 /* LoginView.swift */ = {isa = PBXFileReference; lastKnownFileType = sourcecode.swift; path = LoginView.swift; sourceTree = "<group>"; };
		D33589DB2FED8A0A00541A90 /* SignUpView.swift */ = {isa = PBXFileReference; lastKnownFileType = sourcecode.swift; path = SignUpView.swift; sourceTree = "<group>"; };
		D33589DD2FED8A2500541A90 /* ForgotPasswordView.swift */ = {isa = PBXFileReference; lastKnownFileType = sourcecode.swift; path = ForgotPasswordView.swift; sourceTree = "<group>"; };
		D33589DF2FED8A3100541A90 /* AuthView.swift */ = {isa = PBXFileReference; lastKnownFileType = sourcecode.swift; path = AuthView.swift; sourceTree = "<group>"; };
		D33589E22FED8AE100541A90 /* AppearanceMode.swift */ = {isa = PBXFileReference; lastKnownFileType = sourcecode.swift; path = AppearanceMode.swift; sourceTree = "<group>"; };
		D33589E42FED8AFD00541A90 /* LegalView.swift */ = {isa = PBXFileReference; lastKnownFileType = sourcecode.swift; path = LegalView.swift; sourceTree = "<group>"; };
		D33589E62FED8B1400541A90 /* AcknowledgementsView.swift */ = {isa = PBXFileReference; lastKnownFileType = sourcecode.swift; path = AcknowledgementsView.swift; sourceTree = "<group>"; };
		D33589E82FED8B3400541A90 /* SettingsView.swift */ = {isa = PBXFileReference; lastKnownFileType = sourcecode.swift; path = SettingsView.swift; sourceTree = "<group>"; };
		D3F845F72AF09593005090ED /* Honeymoon.app */ = {isa = PBXFileReference; explicitFileType = wrapper.application; includeInIndex = 0; path = Honeymoon.app; sourceTree = BUILT_PRODUCTS_DIR; };
		D3F845FA2AF09593005090ED /* HoneymoonApp.swift */ = {isa = PBXFileReference; lastKnownFileType = sourcecode.swift; path = HoneymoonApp.swift; sourceTree = "<group>"; };
		D3F845FC2AF09593005090ED /* ContentView.swift */ = {isa = PBXFileReference; lastKnownFileType = sourcecode.swift; path = ContentView.swift; sourceTree = "<group>"; };
		D3F845FE2AF09595005090ED /* Assets.xcassets */ = {isa = PBXFileReference; lastKnownFileType = folder.assetcatalog; path = Assets.xcassets; sourceTree = "<group>"; };
		D3F846012AF09595005090ED /* Preview Assets.xcassets */ = {isa = PBXFileReference; lastKnownFileType = folder.assetcatalog; path = "Preview Assets.xcassets"; sourceTree = "<group>"; };
		D3F846092AF096F5005090ED /* sound-rise.mp3 */ = {isa = PBXFileReference; lastKnownFileType = audio.mp3; path = "sound-rise.mp3"; sourceTree = "<group>"; };
		D3F8460A2AF096F5005090ED /* sound-click.mp3 */ = {isa = PBXFileReference; lastKnownFileType = audio.mp3; path = "sound-click.mp3"; sourceTree = "<group>"; };
		D3F8460D2AF09785005090ED /* LaunchScreen.storyboard */ = {isa = PBXFileReference; lastKnownFileType = file.storyboard; path = LaunchScreen.storyboard; sourceTree = "<group>"; };
		D3F8460F2AF09B81005090ED /* HoneymoonModel.swift */ = {isa = PBXFileReference; lastKnownFileType = sourcecode.swift; path = HoneymoonModel.swift; sourceTree = "<group>"; };
		D3F846122AF09BC4005090ED /* HoneymoonData.swift */ = {isa = PBXFileReference; lastKnownFileType = sourcecode.swift; path = HoneymoonData.swift; sourceTree = "<group>"; };
		D3F846162AF09C2B005090ED /* CardView.swift */ = {isa = PBXFileReference; lastKnownFileType = sourcecode.swift; path = CardView.swift; sourceTree = "<group>"; };
		D3F846182AF0ABEE005090ED /* HeaderView.swift */ = {isa = PBXFileReference; lastKnownFileType = sourcecode.swift; path = HeaderView.swift; sourceTree = "<group>"; };
		D3F8461A2AF0AED4005090ED /* FooterView.swift */ = {isa = PBXFileReference; lastKnownFileType = sourcecode.swift; path = FooterView.swift; sourceTree = "<group>"; };
		D3F8461D2AF0B010005090ED /* HeaderComponent.swift */ = {isa = PBXFileReference; lastKnownFileType = sourcecode.swift; path = HeaderComponent.swift; sourceTree = "<group>"; };
		D3F8461F2AF0B08A005090ED /* GuideComponent.swift */ = {isa = PBXFileReference; lastKnownFileType = sourcecode.swift; path = GuideComponent.swift; sourceTree = "<group>"; };
		D3F846212AF0B1D9005090ED /* GuideView.swift */ = {isa = PBXFileReference; lastKnownFileType = sourcecode.swift; path = GuideView.swift; sourceTree = "<group>"; };
		D3F846232AF1DEBC005090ED /* InfoView.swift */ = {isa = PBXFileReference; lastKnownFileType = sourcecode.swift; path = InfoView.swift; sourceTree = "<group>"; };
		D3F846252AF1DF5B005090ED /* TitleModifier.swift */ = {isa = PBXFileReference; lastKnownFileType = sourcecode.swift; path = TitleModifier.swift; sourceTree = "<group>"; };
		D3F846282AF1E0B1005090ED /* ButtonModifier.swift */ = {isa = PBXFileReference; lastKnownFileType = sourcecode.swift; path = ButtonModifier.swift; sourceTree = "<group>"; };
		D3F8462A2AF284D1005090ED /* SymbolModifier.swift */ = {isa = PBXFileReference; lastKnownFileType = sourcecode.swift; path = SymbolModifier.swift; sourceTree = "<group>"; };
		D3F8462D2AF28741005090ED /* CardTransition.swift */ = {isa = PBXFileReference; lastKnownFileType = sourcecode.swift; path = CardTransition.swift; sourceTree = "<group>"; };
		D33589F12FED900000541A90 /* SoundPlayer.swift */ = {isa = PBXFileReference; lastKnownFileType = sourcecode.swift; path = SoundPlayer.swift; sourceTree = "<group>"; };
		D33589FA2FED900000541A90 /* GoogleService-Info.plist */ = {isa = PBXFileReference; lastKnownFileType = text.plist.xml; path = "GoogleService-Info.plist"; sourceTree = "<group>"; };
		D33589FC2FED900000541A90 /* Info.plist */ = {isa = PBXFileReference; lastKnownFileType = text.plist.xml; path = Info.plist; sourceTree = "<group>"; };
		D33589FD2FED900000541A90 /* Honeymoon.entitlements */ = {isa = PBXFileReference; lastKnownFileType = text.plist.entitlements; path = Honeymoon.entitlements; sourceTree = "<group>"; };
		D3358A0B2FED900000541A90 /* UserDataStore.swift */ = {isa = PBXFileReference; lastKnownFileType = sourcecode.swift; path = UserDataStore.swift; sourceTree = "<group>"; };
		D3358A0E2FED900000541A90 /* SavedView.swift */ = {isa = PBXFileReference; lastKnownFileType = sourcecode.swift; path = SavedView.swift; sourceTree = "<group>"; };
/* End PBXFileReference section */

/* Begin PBXFrameworksBuildPhase section */
		D3F845F42AF09593005090ED /* Frameworks */ = {
			isa = PBXFrameworksBuildPhase;
			buildActionMask = 2147483647;
			files = (
				D3358A052FED900000541A90 /* FirebaseAuth in Frameworks */,
				D3358A062FED900000541A90 /* FirebaseFirestore in Frameworks */,
				D3358A072FED900000541A90 /* GoogleSignIn in Frameworks */,
				AAEE99990000000000000002 /* FirebaseFunctions in Frameworks */,
			);
			runOnlyForDeploymentPostprocessing = 0;
		};
/* End PBXFrameworksBuildPhase section */

/* Begin PBXGroup section */
		D33589C72FED845200541A90 /* Repository */ = {
			isa = PBXGroup;
			children = (
				D33589C92FED845700541A90 /* DestinationRepository.swift */,
				AAFF11110000000000000001 /* AffiliateLinks.swift */,
			);
			path = Repository;
			sourceTree = "<group>";
		};
		AAFF33330000000000000001 /* Detail */ = {
			isa = PBXGroup;
			children = (
				AAFF22220000000000000001 /* DestinationDetailView.swift */,
				AACC33330000000000000001 /* ItineraryView.swift */,
			);
			path = Detail;
			sourceTree = "<group>";
		};
		AACC55550000000000000001 /* Paywall */ = {
			isa = PBXGroup;
			children = (
				AACC22220000000000000001 /* PaywallView.swift */,
			);
			path = Paywall;
			sourceTree = "<group>";
		};
		AAFFAAAA0000000000000001 /* Trip */ = {
			isa = PBXGroup;
			children = (
				AAFF99990000000000000001 /* TripPlannerView.swift */,
			);
			path = Trip;
			sourceTree = "<group>";
		};
		AABB55550000000000000001 /* Couple */ = {
			isa = PBXGroup;
			children = (
				AABB33330000000000000001 /* CoupleView.swift */,
				AABB44440000000000000001 /* MatchCelebrationView.swift */,
			);
			path = Couple;
			sourceTree = "<group>";
		};
		D33589F02FED900000541A90 /* Audio */ = {
			isa = PBXGroup;
			children = (
				D33589F12FED900000541A90 /* SoundPlayer.swift */,
			);
			path = Audio;
			sourceTree = "<group>";
		};
		D33589C82FED845300541A90 /* ViewModel */ = {
			isa = PBXGroup;
			children = (
				D33589CB2FED846C00541A90 /* AuthViewModel.swift */,
				D3358A0B2FED900000541A90 /* UserDataStore.swift */,
				AAFF55550000000000000001 /* PreferenceStore.swift */,
				AAFF88880000000000000001 /* TripPlanStore.swift */,
				AABB22220000000000000001 /* CoupleStore.swift */,
				AACC11110000000000000001 /* PurchaseStore.swift */,
				AAEE11110000000000000001 /* ItineraryService.swift */,
			);
			path = ViewModel;
			sourceTree = "<group>";
		};
		D33589CD2FED88D700541A90 /* Onboarding */ = {
			isa = PBXGroup;
			children = (
				D33589CE2FED88E000541A90 /* OnboardingPage.swift */,
				D33589D02FED88F500541A90 /* OnboardingView.swift */,
				AAFF66660000000000000001 /* PreferenceQuizView.swift */,
			);
			path = Onboarding;
			sourceTree = "<group>";
		};
		D33589D42FED89BD00541A90 /* Auth */ = {
			isa = PBXGroup;
			children = (
				D33589D52FED89CE00541A90 /* AuthFormField.swift */,
				D33589D72FED89CF00541A90 /* SocialSignInButton.swift */,
				D33589D92FED89EE00541A90 /* LoginView.swift */,
				D33589DB2FED8A0A00541A90 /* SignUpView.swift */,
				D33589DD2FED8A2500541A90 /* ForgotPasswordView.swift */,
				D33589DF2FED8A3100541A90 /* AuthView.swift */,
			);
			path = Auth;
			sourceTree = "<group>";
		};
		D33589E12FED8ADC00541A90 /* Settings */ = {
			isa = PBXGroup;
			children = (
				D33589E22FED8AE100541A90 /* AppearanceMode.swift */,
				D33589E42FED8AFD00541A90 /* LegalView.swift */,
				D33589E62FED8B1400541A90 /* AcknowledgementsView.swift */,
				D33589E82FED8B3400541A90 /* SettingsView.swift */,
			);
			path = Settings;
			sourceTree = "<group>";
		};
		D3358A0C2FED900000541A90 /* Saved */ = {
			isa = PBXGroup;
			children = (
				D3358A0E2FED900000541A90 /* SavedView.swift */,
			);
			path = Saved;
			sourceTree = "<group>";
		};
		D3F845EE2AF09593005090ED = {
			isa = PBXGroup;
			children = (
				D3F845F92AF09593005090ED /* Honeymoon */,
				D3F845F82AF09593005090ED /* Products */,
			);
			sourceTree = "<group>";
		};
		D3F845F82AF09593005090ED /* Products */ = {
			isa = PBXGroup;
			children = (
				D3F845F72AF09593005090ED /* Honeymoon.app */,
			);
			name = Products;
			sourceTree = "<group>";
		};
		D3F845F92AF09593005090ED /* Honeymoon */ = {
			isa = PBXGroup;
			children = (
				D3F8462C2AF2872E005090ED /* Extension */,
				D3F8461C2AF0AFFB005090ED /* Component */,
				D3F846142AF09BC8005090ED /* Data */,
				D3F846112AF09B86005090ED /* Model */,
				D3F846082AF096F5005090ED /* Sounds */,
				D3F845FA2AF09593005090ED /* HoneymoonApp.swift */,
				D3F846152AF09C19005090ED /* View */,
				D3F845FE2AF09595005090ED /* Assets.xcassets */,
				D3F846002AF09595005090ED /* Preview Content */,
				D3F8460D2AF09785005090ED /* LaunchScreen.storyboard */,
				D3F846272AF1DF9D005090ED /* Modifier */,
				D33589C72FED845200541A90 /* Repository */,
				D33589C82FED845300541A90 /* ViewModel */,
				D33589F02FED900000541A90 /* Audio */,
				D33589FA2FED900000541A90 /* GoogleService-Info.plist */,
				D33589FC2FED900000541A90 /* Info.plist */,
				D33589FD2FED900000541A90 /* Honeymoon.entitlements */,
				AACC66660000000000000001 /* Honeymoon.storekit */,
			);
			path = Honeymoon;
			sourceTree = "<group>";
		};
		D3F846002AF09595005090ED /* Preview Content */ = {
			isa = PBXGroup;
			children = (
				D3F846012AF09595005090ED /* Preview Assets.xcassets */,
			);
			path = "Preview Content";
			sourceTree = "<group>";
		};
		D3F846082AF096F5005090ED /* Sounds */ = {
			isa = PBXGroup;
			children = (
				D3F846092AF096F5005090ED /* sound-rise.mp3 */,
				D3F8460A2AF096F5005090ED /* sound-click.mp3 */,
			);
			path = Sounds;
			sourceTree = "<group>";
		};
		D3F846112AF09B86005090ED /* Model */ = {
			isa = PBXGroup;
			children = (
				D3F8460F2AF09B81005090ED /* HoneymoonModel.swift */,
				AAFF44440000000000000001 /* TravelPreferences.swift */,
				AAFF77770000000000000001 /* TripPlan.swift */,
				AABB11110000000000000001 /* Couple.swift */,
				AACC44440000000000000001 /* Itinerary.swift */,
				AADD11110000000000000001 /* Currency.swift */,
			);
			path = Model;
			sourceTree = "<group>";
		};
		D3F846142AF09BC8005090ED /* Data */ = {
			isa = PBXGroup;
			children = (
				D3F846122AF09BC4005090ED /* HoneymoonData.swift */,
			);
			path = Data;
			sourceTree = "<group>";
		};
		D3F846152AF09C19005090ED /* View */ = {
			isa = PBXGroup;
			children = (
				D3F845FC2AF09593005090ED /* ContentView.swift */,
				D3F846162AF09C2B005090ED /* CardView.swift */,
				D3F846182AF0ABEE005090ED /* HeaderView.swift */,
				D3F8461A2AF0AED4005090ED /* FooterView.swift */,
				D3F846212AF0B1D9005090ED /* GuideView.swift */,
				D3F846232AF1DEBC005090ED /* InfoView.swift */,
				D33589CD2FED88D700541A90 /* Onboarding */,
				D33589D22FED890900541A90 /* RootView.swift */,
				D33589D42FED89BD00541A90 /* Auth */,
				D33589E12FED8ADC00541A90 /* Settings */,
				D3358A0C2FED900000541A90 /* Saved */,
				AAFF33330000000000000001 /* Detail */,
				AAFFAAAA0000000000000001 /* Trip */,
				AABB55550000000000000001 /* Couple */,
				AACC55550000000000000001 /* Paywall */,
			);
			path = View;
			sourceTree = "<group>";
		};
		D3F8461C2AF0AFFB005090ED /* Component */ = {
			isa = PBXGroup;
			children = (
				D3F8461D2AF0B010005090ED /* HeaderComponent.swift */,
				D3F8461F2AF0B08A005090ED /* GuideComponent.swift */,
			);
			path = Component;
			sourceTree = "<group>";
		};
		D3F846272AF1DF9D005090ED /* Modifier */ = {
			isa = PBXGroup;
			children = (
				D3F846252AF1DF5B005090ED /* TitleModifier.swift */,
				D3F846282AF1E0B1005090ED /* ButtonModifier.swift */,
				D3F8462A2AF284D1005090ED /* SymbolModifier.swift */,
			);
			path = Modifier;
			sourceTree = "<group>";
		};
		D3F8462C2AF2872E005090ED /* Extension */ = {
			isa = PBXGroup;
			children = (
				D3F8462D2AF28741005090ED /* CardTransition.swift */,
			);
			path = Extension;
			sourceTree = "<group>";
		};
/* End PBXGroup section */

/* Begin PBXNativeTarget section */
		D3F845F62AF09593005090ED /* Honeymoon */ = {
			isa = PBXNativeTarget;
			buildConfigurationList = D3F846052AF09595005090ED /* Build configuration list for PBXNativeTarget "Honeymoon" */;
			buildPhases = (
				D3F845F32AF09593005090ED /* Sources */,
				D3F845F42AF09593005090ED /* Frameworks */,
				D3F845F52AF09593005090ED /* Resources */,
			);
			buildRules = (
			);
			dependencies = (
			);
			name = Honeymoon;
			packageProductDependencies = (
				D3358A022FED900000541A90 /* FirebaseAuth */,
				D3358A032FED900000541A90 /* FirebaseFirestore */,
				D3358A042FED900000541A90 /* GoogleSignIn */,
				AAEE99990000000000000001 /* FirebaseFunctions */,
			);
			productName = Honeymoon;
			productReference = D3F845F72AF09593005090ED /* Honeymoon.app */;
			productType = "com.apple.product-type.application";
		};
/* End PBXNativeTarget section */

/* Begin PBXProject section */
		D3F845EF2AF09593005090ED /* Project object */ = {
			isa = PBXProject;
			attributes = {
				BuildIndependentTargetsInParallel = 1;
				LastSwiftUpdateCheck = 1500;
				LastUpgradeCheck = 1500;
				TargetAttributes = {
					D3F845F62AF09593005090ED = {
						CreatedOnToolsVersion = 15.0.1;
					};
				};
			};
			buildConfigurationList = D3F845F22AF09593005090ED /* Build configuration list for PBXProject "Honeymoon" */;
			compatibilityVersion = "Xcode 14.0";
			developmentRegion = en;
			hasScannedForEncodings = 0;
			knownRegions = (
				en,
				Base,
			);
			mainGroup = D3F845EE2AF09593005090ED;
			packageReferences = (
				D3358A002FED900000541A90 /* XCRemoteSwiftPackageReference "firebase-ios-sdk" */,
				D3358A012FED900000541A90 /* XCRemoteSwiftPackageReference "GoogleSignIn-iOS" */,
			);
			productRefGroup = D3F845F82AF09593005090ED /* Products */;
			projectDirPath = "";
			projectRoot = "";
			targets = (
				D3F845F62AF09593005090ED /* Honeymoon */,
			);
		};
/* End PBXProject section */

/* Begin XCRemoteSwiftPackageReference section */
		D3358A002FED900000541A90 /* XCRemoteSwiftPackageReference "firebase-ios-sdk" */ = {
			isa = XCRemoteSwiftPackageReference;
			repositoryURL = "https://github.com/firebase/firebase-ios-sdk.git";
			requirement = {
				kind = upToNextMajorVersion;
				minimumVersion = 11.0.0;
			};
		};
		D3358A012FED900000541A90 /* XCRemoteSwiftPackageReference "GoogleSignIn-iOS" */ = {
			isa = XCRemoteSwiftPackageReference;
			repositoryURL = "https://github.com/google/GoogleSignIn-iOS.git";
			requirement = {
				kind = upToNextMajorVersion;
				minimumVersion = 7.0.0;
			};
		};
/* End XCRemoteSwiftPackageReference section */

/* Begin XCSwiftPackageProductDependency section */
		D3358A022FED900000541A90 /* FirebaseAuth */ = {
			isa = XCSwiftPackageProductDependency;
			package = D3358A002FED900000541A90 /* XCRemoteSwiftPackageReference "firebase-ios-sdk" */;
			productName = FirebaseAuth;
		};
		D3358A032FED900000541A90 /* FirebaseFirestore */ = {
			isa = XCSwiftPackageProductDependency;
			package = D3358A002FED900000541A90 /* XCRemoteSwiftPackageReference "firebase-ios-sdk" */;
			productName = FirebaseFirestore;
		};
		D3358A042FED900000541A90 /* GoogleSignIn */ = {
			isa = XCSwiftPackageProductDependency;
			package = D3358A012FED900000541A90 /* XCRemoteSwiftPackageReference "GoogleSignIn-iOS" */;
			productName = GoogleSignIn;
		};
		AAEE99990000000000000001 /* FirebaseFunctions */ = {
			isa = XCSwiftPackageProductDependency;
			package = D3358A002FED900000541A90 /* XCRemoteSwiftPackageReference "firebase-ios-sdk" */;
			productName = FirebaseFunctions;
		};
/* End XCSwiftPackageProductDependency section */

/* Begin PBXResourcesBuildPhase section */
		D3F845F52AF09593005090ED /* Resources */ = {
			isa = PBXResourcesBuildPhase;
			buildActionMask = 2147483647;
			files = (
				D33589FB2FED900000541A90 /* GoogleService-Info.plist in Resources */,
				D3F8460B2AF096F5005090ED /* sound-rise.mp3 in Resources */,
				D3F8460C2AF096F5005090ED /* sound-click.mp3 in Resources */,
				D3F846022AF09595005090ED /* Preview Assets.xcassets in Resources */,
				D3F8460E2AF09785005090ED /* LaunchScreen.storyboard in Resources */,
				D3F845FF2AF09595005090ED /* Assets.xcassets in Resources */,
			);
			runOnlyForDeploymentPostprocessing = 0;
		};
/* End PBXResourcesBuildPhase section */

/* Begin PBXSourcesBuildPhase section */
		D3F845F32AF09593005090ED /* Sources */ = {
			isa = PBXSourcesBuildPhase;
			buildActionMask = 2147483647;
			files = (
				D3F846132AF09BC4005090ED /* HoneymoonData.swift in Sources */,
				D3F846242AF1DEBC005090ED /* InfoView.swift in Sources */,
				D3F8461B2AF0AED4005090ED /* FooterView.swift in Sources */,
				D3F846262AF1DF5B005090ED /* TitleModifier.swift in Sources */,
				D33589DC2FED8A0A00541A90 /* SignUpView.swift in Sources */,
				D33589DA2FED89EE00541A90 /* LoginView.swift in Sources */,
				D33589E52FED8AFD00541A90 /* LegalView.swift in Sources */,
				D33589D32FED890900541A90 /* RootView.swift in Sources */,
				D3F8462E2AF28741005090ED /* CardTransition.swift in Sources */,
				D33589F22FED900000541A90 /* SoundPlayer.swift in Sources */,
				D3358A0A2FED900000541A90 /* UserDataStore.swift in Sources */,
				D3358A0D2FED900000541A90 /* SavedView.swift in Sources */,
				D3F8462B2AF284D1005090ED /* SymbolModifier.swift in Sources */,
				D3F846192AF0ABEE005090ED /* HeaderView.swift in Sources */,
				D33589CC2FED846C00541A90 /* AuthViewModel.swift in Sources */,
				D3F846102AF09B81005090ED /* HoneymoonModel.swift in Sources */,
				D33589D82FED89CF00541A90 /* SocialSignInButton.swift in Sources */,
				D33589CA2FED845700541A90 /* DestinationRepository.swift in Sources */,
				AAFF11110000000000000002 /* AffiliateLinks.swift in Sources */,
				AAFF22220000000000000002 /* DestinationDetailView.swift in Sources */,
				AAFF44440000000000000002 /* TravelPreferences.swift in Sources */,
				AAFF55550000000000000002 /* PreferenceStore.swift in Sources */,
				AAFF66660000000000000002 /* PreferenceQuizView.swift in Sources */,
				AAFF77770000000000000002 /* TripPlan.swift in Sources */,
				AAFF88880000000000000002 /* TripPlanStore.swift in Sources */,
				AAFF99990000000000000002 /* TripPlannerView.swift in Sources */,
				AABB11110000000000000002 /* Couple.swift in Sources */,
				AABB22220000000000000002 /* CoupleStore.swift in Sources */,
				AABB33330000000000000002 /* CoupleView.swift in Sources */,
				AABB44440000000000000002 /* MatchCelebrationView.swift in Sources */,
				AACC11110000000000000002 /* PurchaseStore.swift in Sources */,
				AAEE11110000000000000002 /* ItineraryService.swift in Sources */,
				AACC22220000000000000002 /* PaywallView.swift in Sources */,
				AACC33330000000000000002 /* ItineraryView.swift in Sources */,
				AACC44440000000000000002 /* Itinerary.swift in Sources */,
				AADD11110000000000000002 /* Currency.swift in Sources */,
				D33589E92FED8B3400541A90 /* SettingsView.swift in Sources */,
				D3F846292AF1E0B1005090ED /* ButtonModifier.swift in Sources */,
				D33589D12FED88F500541A90 /* OnboardingView.swift in Sources */,
				D33589E02FED8A3100541A90 /* AuthView.swift in Sources */,
				D33589CF2FED88E000541A90 /* OnboardingPage.swift in Sources */,
				D33589E72FED8B1400541A90 /* AcknowledgementsView.swift in Sources */,
				D3F8461E2AF0B010005090ED /* HeaderComponent.swift in Sources */,
				D33589DE2FED8A2500541A90 /* ForgotPasswordView.swift in Sources */,
				D3F845FD2AF09593005090ED /* ContentView.swift in Sources */,
				D3F845FB2AF09593005090ED /* HoneymoonApp.swift in Sources */,
				D33589D62FED89CE00541A90 /* AuthFormField.swift in Sources */,
				D3F846172AF09C2B005090ED /* CardView.swift in Sources */,
				D3F846202AF0B08A005090ED /* GuideComponent.swift in Sources */,
				D33589E32FED8AE100541A90 /* AppearanceMode.swift in Sources */,
				D3F846222AF0B1D9005090ED /* GuideView.swift in Sources */,
			);
			runOnlyForDeploymentPostprocessing = 0;
		};
/* End PBXSourcesBuildPhase section */

/* Begin XCBuildConfiguration section */
		D3F846032AF09595005090ED /* Debug */ = {
			isa = XCBuildConfiguration;
			buildSettings = {
				ALWAYS_SEARCH_USER_PATHS = NO;
				ASSETCATALOG_COMPILER_GENERATE_SWIFT_ASSET_SYMBOL_EXTENSIONS = YES;
				CLANG_ANALYZER_NONNULL = YES;
				CLANG_ANALYZER_NUMBER_OBJECT_CONVERSION = YES_AGGRESSIVE;
				CLANG_CXX_LANGUAGE_STANDARD = "gnu++20";
				CLANG_ENABLE_MODULES = YES;
				CLANG_ENABLE_OBJC_ARC = YES;
				CLANG_ENABLE_OBJC_WEAK = YES;
				CLANG_WARN_BLOCK_CAPTURE_AUTORELEASING = YES;
				CLANG_WARN_BOOL_CONVERSION = YES;
				CLANG_WARN_COMMA = YES;
				CLANG_WARN_CONSTANT_CONVERSION = YES;
				CLANG_WARN_DEPRECATED_OBJC_IMPLEMENTATIONS = YES;
				CLANG_WARN_DIRECT_OBJC_ISA_USAGE = YES_ERROR;
				CLANG_WARN_DOCUMENTATION_COMMENTS = YES;
				CLANG_WARN_EMPTY_BODY = YES;
				CLANG_WARN_ENUM_CONVERSION = YES;
				CLANG_WARN_INFINITE_RECURSION = YES;
				CLANG_WARN_INT_CONVERSION = YES;
				CLANG_WARN_NON_LITERAL_NULL_CONVERSION = YES;
				CLANG_WARN_OBJC_IMPLICIT_RETAIN_SELF = YES;
				CLANG_WARN_OBJC_LITERAL_CONVERSION = YES;
				CLANG_WARN_OBJC_ROOT_CLASS = YES_ERROR;
				CLANG_WARN_QUOTED_INCLUDE_IN_FRAMEWORK_HEADER = YES;
				CLANG_WARN_RANGE_LOOP_ANALYSIS = YES;
				CLANG_WARN_STRICT_PROTOTYPES = YES;
				CLANG_WARN_SUSPICIOUS_MOVE = YES;
				CLANG_WARN_UNGUARDED_AVAILABILITY = YES_AGGRESSIVE;
				CLANG_WARN_UNREACHABLE_CODE = YES;
				CLANG_WARN__DUPLICATE_METHOD_MATCH = YES;
				COPY_PHASE_STRIP = NO;
				DEBUG_INFORMATION_FORMAT = dwarf;
				ENABLE_STRICT_OBJC_MSGSEND = YES;
				ENABLE_TESTABILITY = YES;
				ENABLE_USER_SCRIPT_SANDBOXING = YES;
				GCC_C_LANGUAGE_STANDARD = gnu17;
				GCC_DYNAMIC_NO_PIC = NO;
				GCC_NO_COMMON_BLOCKS = YES;
				GCC_OPTIMIZATION_LEVEL = 0;
				GCC_PREPROCESSOR_DEFINITIONS = (
					"DEBUG=1",
					"$(inherited)",
				);
				GCC_WARN_64_TO_32_BIT_CONVERSION = YES;
				GCC_WARN_ABOUT_RETURN_TYPE = YES_ERROR;
				GCC_WARN_UNDECLARED_SELECTOR = YES;
				GCC_WARN_UNINITIALIZED_AUTOS = YES_AGGRESSIVE;
				GCC_WARN_UNUSED_FUNCTION = YES;
				GCC_WARN_UNUSED_VARIABLE = YES;
				IPHONEOS_DEPLOYMENT_TARGET = 17.0;
				LOCALIZATION_PREFERS_STRING_CATALOGS = YES;
				MTL_ENABLE_DEBUG_INFO = INCLUDE_SOURCE;
				MTL_FAST_MATH = YES;
				ONLY_ACTIVE_ARCH = YES;
				SDKROOT = iphoneos;
				SWIFT_ACTIVE_COMPILATION_CONDITIONS = "DEBUG $(inherited)";
				SWIFT_OPTIMIZATION_LEVEL = "-Onone";
			};
			name = Debug;
		};
		D3F846042AF09595005090ED /* Release */ = {
			isa = XCBuildConfiguration;
			buildSettings = {
				ALWAYS_SEARCH_USER_PATHS = NO;
				ASSETCATALOG_COMPILER_GENERATE_SWIFT_ASSET_SYMBOL_EXTENSIONS = YES;
				CLANG_ANALYZER_NONNULL = YES;
				CLANG_ANALYZER_NUMBER_OBJECT_CONVERSION = YES_AGGRESSIVE;
				CLANG_CXX_LANGUAGE_STANDARD = "gnu++20";
				CLANG_ENABLE_MODULES = YES;
				CLANG_ENABLE_OBJC_ARC = YES;
				CLANG_ENABLE_OBJC_WEAK = YES;
				CLANG_WARN_BLOCK_CAPTURE_AUTORELEASING = YES;
				CLANG_WARN_BOOL_CONVERSION = YES;
				CLANG_WARN_COMMA = YES;
				CLANG_WARN_CONSTANT_CONVERSION = YES;
				CLANG_WARN_DEPRECATED_OBJC_IMPLEMENTATIONS = YES;
				CLANG_WARN_DIRECT_OBJC_ISA_USAGE = YES_ERROR;
				CLANG_WARN_DOCUMENTATION_COMMENTS = YES;
				CLANG_WARN_EMPTY_BODY = YES;
				CLANG_WARN_ENUM_CONVERSION = YES;
				CLANG_WARN_INFINITE_RECURSION = YES;
				CLANG_WARN_INT_CONVERSION = YES;
				CLANG_WARN_NON_LITERAL_NULL_CONVERSION = YES;
				CLANG_WARN_OBJC_IMPLICIT_RETAIN_SELF = YES;
				CLANG_WARN_OBJC_LITERAL_CONVERSION = YES;
				CLANG_WARN_OBJC_ROOT_CLASS = YES_ERROR;
				CLANG_WARN_QUOTED_INCLUDE_IN_FRAMEWORK_HEADER = YES;
				CLANG_WARN_RANGE_LOOP_ANALYSIS = YES;
				CLANG_WARN_STRICT_PROTOTYPES = YES;
				CLANG_WARN_SUSPICIOUS_MOVE = YES;
				CLANG_WARN_UNGUARDED_AVAILABILITY = YES_AGGRESSIVE;
				CLANG_WARN_UNREACHABLE_CODE = YES;
				CLANG_WARN__DUPLICATE_METHOD_MATCH = YES;
				COPY_PHASE_STRIP = NO;
				DEBUG_INFORMATION_FORMAT = "dwarf-with-dsym";
				ENABLE_NS_ASSERTIONS = NO;
				ENABLE_STRICT_OBJC_MSGSEND = YES;
				ENABLE_USER_SCRIPT_SANDBOXING = YES;
				GCC_C_LANGUAGE_STANDARD = gnu17;
				GCC_NO_COMMON_BLOCKS = YES;
				GCC_WARN_64_TO_32_BIT_CONVERSION = YES;
				GCC_WARN_ABOUT_RETURN_TYPE = YES_ERROR;
				GCC_WARN_UNDECLARED_SELECTOR = YES;
				GCC_WARN_UNINITIALIZED_AUTOS = YES_AGGRESSIVE;
				GCC_WARN_UNUSED_FUNCTION = YES;
				GCC_WARN_UNUSED_VARIABLE = YES;
				IPHONEOS_DEPLOYMENT_TARGET = 17.0;
				LOCALIZATION_PREFERS_STRING_CATALOGS = YES;
				MTL_ENABLE_DEBUG_INFO = NO;
				MTL_FAST_MATH = YES;
				SDKROOT = iphoneos;
				SWIFT_COMPILATION_MODE = wholemodule;
				VALIDATE_PRODUCT = YES;
			};
			name = Release;
		};
		D3F846062AF09595005090ED /* Debug */ = {
			isa = XCBuildConfiguration;
			buildSettings = {
				ASSETCATALOG_COMPILER_APPICON_NAME = AppIcon;
				ASSETCATALOG_COMPILER_GLOBAL_ACCENT_COLOR_NAME = AccentColor;
				CODE_SIGN_IDENTITY = "Apple Development";
				CODE_SIGN_STYLE = Automatic;
				CURRENT_PROJECT_VERSION = 1;
				DEVELOPMENT_ASSET_PATHS = "\"Honeymoon/Preview Content\"";
				DEVELOPMENT_TEAM = K8FKWBYV9S;
				CODE_SIGN_ENTITLEMENTS = Honeymoon/Honeymoon.entitlements;
				ENABLE_PREVIEWS = YES;
				GENERATE_INFOPLIST_FILE = NO;
				INFOPLIST_FILE = Honeymoon/Info.plist;
				INFOPLIST_KEY_ITSAppUsesNonExemptEncryption = NO;
				INFOPLIST_KEY_UIApplicationSceneManifest_Generation = YES;
				INFOPLIST_KEY_UIApplicationSupportsIndirectInputEvents = YES;
				INFOPLIST_KEY_UILaunchScreen_Generation = YES;
				INFOPLIST_KEY_UILaunchStoryboardName = LaunchScreen.storyboard;
				INFOPLIST_KEY_UISupportedInterfaceOrientations = UIInterfaceOrientationPortrait;
				IPHONEOS_DEPLOYMENT_TARGET = 17.0;
				LD_RUNPATH_SEARCH_PATHS = (
					"$(inherited)",
					"@executable_path/Frameworks",
				);
				MARKETING_VERSION = 1.0;
				PRODUCT_BUNDLE_IDENTIFIER = com.thetpine.honeymoon;
				PRODUCT_NAME = "$(TARGET_NAME)";
				PROVISIONING_PROFILE_SPECIFIER = "";
				SWIFT_EMIT_LOC_STRINGS = YES;
				SWIFT_VERSION = 5.0;
				TARGETED_DEVICE_FAMILY = "1,2";
			};
			name = Debug;
		};
		D3F846072AF09595005090ED /* Release */ = {
			isa = XCBuildConfiguration;
			buildSettings = {
				ASSETCATALOG_COMPILER_APPICON_NAME = AppIcon;
				ASSETCATALOG_COMPILER_GLOBAL_ACCENT_COLOR_NAME = AccentColor;
				CODE_SIGN_IDENTITY = "Apple Development";
				CODE_SIGN_STYLE = Automatic;
				CURRENT_PROJECT_VERSION = 1;
				DEVELOPMENT_ASSET_PATHS = "\"Honeymoon/Preview Content\"";
				DEVELOPMENT_TEAM = K8FKWBYV9S;
				CODE_SIGN_ENTITLEMENTS = Honeymoon/Honeymoon.entitlements;
				ENABLE_PREVIEWS = YES;
				GENERATE_INFOPLIST_FILE = NO;
				INFOPLIST_FILE = Honeymoon/Info.plist;
				INFOPLIST_KEY_ITSAppUsesNonExemptEncryption = NO;
				INFOPLIST_KEY_UIApplicationSceneManifest_Generation = YES;
				INFOPLIST_KEY_UIApplicationSupportsIndirectInputEvents = YES;
				INFOPLIST_KEY_UILaunchScreen_Generation = YES;
				INFOPLIST_KEY_UILaunchStoryboardName = LaunchScreen.storyboard;
				INFOPLIST_KEY_UISupportedInterfaceOrientations = UIInterfaceOrientationPortrait;
				IPHONEOS_DEPLOYMENT_TARGET = 17.0;
				LD_RUNPATH_SEARCH_PATHS = (
					"$(inherited)",
					"@executable_path/Frameworks",
				);
				MARKETING_VERSION = 1.0;
				PRODUCT_BUNDLE_IDENTIFIER = com.thetpine.honeymoon;
				PRODUCT_NAME = "$(TARGET_NAME)";
				PROVISIONING_PROFILE_SPECIFIER = "";
				SWIFT_EMIT_LOC_STRINGS = YES;
				SWIFT_VERSION = 5.0;
				TARGETED_DEVICE_FAMILY = "1,2";
			};
			name = Release;
		};
/* End XCBuildConfiguration section */

/* Begin XCConfigurationList section */
		D3F845F22AF09593005090ED /* Build configuration list for PBXProject "Honeymoon" */ = {
			isa = XCConfigurationList;
			buildConfigurations = (
				D3F846032AF09595005090ED /* Debug */,
				D3F846042AF09595005090ED /* Release */,
			);
			defaultConfigurationIsVisible = 0;
			defaultConfigurationName = Release;
		};
		D3F846052AF09595005090ED /* Build configuration list for PBXNativeTarget "Honeymoon" */ = {
			isa = XCConfigurationList;
			buildConfigurations = (
				D3F846062AF09595005090ED /* Debug */,
				D3F846072AF09595005090ED /* Release */,
			);
			defaultConfigurationIsVisible = 0;
			defaultConfigurationName = Release;
		};
/* End XCConfigurationList section */
	};
	rootObject = D3F845EF2AF09593005090ED /* Project object */;
}
